
Microsoft Visual Studio Solution File, Format Version 11.00
# Visual Studio 2010
Project("{FAE04EC0-301F-11D3-BF4B-00C04F79EFBC}") = "NewsTrader", "NewsTrader\NewsTrader.csproj", "{05B8953B-9BD0-4025-BE17-900C62AD68CD}"
EndProject
Global
	GlobalSection(SolutionConfigurationPlatforms) = preSolution
		Debug|Any CPU = Debug|Any CPU
		Release|Any CPU = Release|Any CPU
	EndGlobalSection
	GlobalSection(ProjectConfigurationPlatforms) = postSolution
		{05B8953B-9BD0-4025-BE17-900C62AD68CD}.Debug|Any CPU.ActiveCfg = Debug|Any CPU
		{05B8953B-9BD0-4025-BE17-900C62AD68CD}.Debug|Any CPU.Build.0 = Debug|Any CPU
		{05B8953B-9BD0-4025-BE17-900C62AD68CD}.Release|Any CPU.ActiveCfg = Release|Any CPU
		{05B8953B-9BD0-4025-BE17-900C62AD68CD}.Release|Any CPU.Build.0 = Release|Any CPU
	EndGlobalSection
	GlobalSection(SolutionProperties) = preSolution
		HideSolutionNode = FALSE
	EndGlobalSection
EndGlobal
